PODS:
  - AFNetworking (2.6.3):
    - AFNetworking/NSURLConnection (= 2.6.3)
    - AFNetworking/NSURLSession (= 2.6.3)
    - AFNetworking/Reachability (= 2.6.3)
    - AFNetworking/Security (= 2.6.3)
    - AFNetworking/Serialization (= 2.6.3)
    - AFNetworking/UIKit (= 2.6.3)
  - AFNetworking/NSURLConnection (2.6.3):
    - AFNetworking/Reachability
    - AFNetworking/Security
    - AFNetworking/Serialization
  - AFNetworking/NSURLSession (2.6.3):
    - AFNetworking/Reachability
    - AFNetworking/Security
    - AFNetworking/Serialization
  - AFNetworking/Reachability (2.6.3)
  - AFNetworking/Security (2.6.3)
  - AFNetworking/Serialization (2.6.3)
  - AFNetworking/UIKit (2.6.3):
    - AFNetworking/NSURLConnection
    - AFNetworking/NSURLSession
  - Blabber (1.1.0):
    - Blabber/CocoaLumberjack (= 1.1.0)
  - Blabber/CocoaLumberjack (1.1.0):
    - CocoaLumberjack (~> 2.0)
  - CocoaLumberjack (2.4.0):
    - CocoaLumberjack/Default (= 2.4.0)
    - CocoaLumberjack/Extensions (= 2.4.0)
  - CocoaLumberjack/Core (2.4.0)
  - CocoaLumberjack/Default (2.4.0):
    - CocoaLumberjack/Core
  - CocoaLumberjack/Extensions (2.4.0):
    - CocoaLumberjack/Default
  - Docker (1.2.0):
    - AFNetworking (~> 2.6.0)
    - Docker/Blabber (= 1.2.0)
    - Mantle
  - Docker/Blabber (1.2.0):
    - AFNetworking (~> 2.6.0)
    - Blabber
    - Mantle
  - Mantle (2.1.0):
    - Mantle/extobjc (= 2.1.0)
  - Mantle/extobjc (2.1.0)

DEPENDENCIES:
  - Blabber/CocoaLumberjack
  - Docker (from `../`)

EXTERNAL SOURCES:
  Docker:
    :path: ../

SPEC CHECKSUMS:
  AFNetworking: cb8d14a848e831097108418f5d49217339d4eb60
  Blabber: 0dd009dd7eaea75b9fc360b8b41e6819d1a094af
  CocoaLumberjack: aa9dcab71bdf9eaf2a63bbd9ddc87863efe45457
  Docker: a22ac4fc8483a42d6a8fe6ec04ac9274ce5c253f
  Mantle: 2fa750afa478cd625a94230fbf1c13462f29395b

PODFILE CHECKSUM: f0377a0784a3bb993d7c6a3a65f01fd2ec7009a1

COCOAPODS: 1.2.1
